
Microsoft Visual Studio Solution File, Format Version 12.00
# Visual Studio Version 16
VisualStudioVersion = 16.0.29613.14
MinimumVisualStudioVersion = 10.0.40219.1
Project("{FAE04EC0-301F-11D3-BF4B-00C04F79EFBC}") = "RhombusOfStars", "RhombusOfStars\RhombusOfStars.csproj", "{3C8541AF-7215-4786-AA5E-01970C4AC354}"
EndProject
Project("{FAE04EC0-301F-11D3-BF4B-00C04F79EFBC}") = "PointInRectangle", "PointInRectangle\PointInRectangle.csproj", "{3F8C60E9-C8C6-4DEE-AC4B-A626990A3796}"
EndProject
Global
	GlobalSection(SolutionConfigurationPlatforms) = preSolution
		Debug|Any CPU = Debug|Any CPU
		Release|Any CPU = Release|Any CPU
	EndGlobalSection
	GlobalSection(ProjectConfigurationPlatforms) = postSolution
		{3C8541AF-7215-4786-AA5E-01970C4AC354}.Debug|Any CPU.ActiveCfg = Debug|Any CPU
		{3C8541AF-7215-4786-AA5E-01970C4AC354}.Debug|Any CPU.Build.0 = Debug|Any CPU
		{3C8541AF-7215-4786-AA5E-01970C4AC354}.Release|Any CPU.ActiveCfg = Release|Any CPU
		{3C8541AF-7215-4786-AA5E-01970C4AC354}.Release|Any CPU.Build.0 = Release|Any CPU
		{3F8C60E9-C8C6-4DEE-AC4B-A626990A3796}.Debug|Any CPU.ActiveCfg = Debug|Any CPU
		{3F8C60E9-C8C6-4DEE-AC4B-A626990A3796}.Debug|Any CPU.Build.0 = Debug|Any CPU
		{3F8C60E9-C8C6-4DEE-AC4B-A626990A3796}.Release|Any CPU.ActiveCfg = Release|Any CPU
		{3F8C60E9-C8C6-4DEE-AC4B-A626990A3796}.Release|Any CPU.Build.0 = Release|Any CPU
	EndGlobalSection
	GlobalSection(SolutionProperties) = preSolution
		HideSolutionNode = FALSE
	EndGlobalSection
	GlobalSection(ExtensibilityGlobals) = postSolution
		SolutionGuid = {1628E671-EC98-4FD5-91BC-243A92273FB7}
	EndGlobalSection
EndGlobal
